
Microsoft Visual Studio Solution File, Format Version 12.00
# Visual Studio 2013
VisualStudioVersion = 12.0.31101.0
MinimumVisualStudioVersion = 10.0.40219.1
Project("{FAE04EC0-301F-11D3-BF4B-00C04F79EFBC}") = "RaportMaszynowy.Web", "RaportMaszynowy.Web\RaportMaszynowy.Web.csproj", "{649F9772-F92E-4270-9DD6-8924188D06FB}"
EndProject
Project("{FAE04EC0-301F-11D3-BF4B-00C04F79EFBC}") = "RaportMaszynowy.Console", "RaportMaszynowy.Console\RaportMaszynowy.Console.csproj", "{691B4E35-ECB4-4BAF-B3C7-649AE7B2E0E7}"
EndProject
Project("{FAE04EC0-301F-11D3-BF4B-00C04F79EFBC}") = "RaportMaszynowy.DAL", "RaportMaszynowy.DAL\RaportMaszynowy.DAL.csproj", "{D746DF80-34AF-4419-8A24-5329A3132944}"
EndProject
Project("{2150E333-8FDC-42A3-9474-1A3956D46DE8}") = ".nuget", ".nuget", "{DCF8ED00-549A-480E-8222-9DC7330052C3}"
	ProjectSection(SolutionItems) = preProject
		.nuget\NuGet.Config = .nuget\NuGet.Config
		.nuget\NuGet.exe = .nuget\NuGet.exe
		.nuget\NuGet.targets = .nuget\NuGet.targets
	EndProjectSection
EndProject
Project("{2150E333-8FDC-42A3-9474-1A3956D46DE8}") = "Solution Items", "Solution Items", "{F64C05C0-CF04-4352-B75C-2D9D29B1F5C3}"
	ProjectSection(SolutionItems) = preProject
		TODO.txt = TODO.txt
	EndProjectSection
EndProject
Project("{FAE04EC0-301F-11D3-BF4B-00C04F79EFBC}") = "RaportMaszynowy.Machine", "RaportMaszynowy.Machine\RaportMaszynowy.Machine.csproj", "{9A0701BF-7E47-4D31-B6BD-B60A66C37A9A}"
EndProject
Global
	GlobalSection(SolutionConfigurationPlatforms) = preSolution
		Debug|Any CPU = Debug|Any CPU
		Release|Any CPU = Release|Any CPU
	EndGlobalSection
	GlobalSection(ProjectConfigurationPlatforms) = postSolution
		{649F9772-F92E-4270-9DD6-8924188D06FB}.Debug|Any CPU.ActiveCfg = Debug|Any CPU
		{649F9772-F92E-4270-9DD6-8924188D06FB}.Debug|Any CPU.Build.0 = Debug|Any CPU
		{649F9772-F92E-4270-9DD6-8924188D06FB}.Release|Any CPU.ActiveCfg = Release|Any CPU
		{649F9772-F92E-4270-9DD6-8924188D06FB}.Release|Any CPU.Build.0 = Release|Any CPU
		{691B4E35-ECB4-4BAF-B3C7-649AE7B2E0E7}.Debug|Any CPU.ActiveCfg = Debug|Any CPU
		{691B4E35-ECB4-4BAF-B3C7-649AE7B2E0E7}.Debug|Any CPU.Build.0 = Debug|Any CPU
		{691B4E35-ECB4-4BAF-B3C7-649AE7B2E0E7}.Release|Any CPU.ActiveCfg = Release|Any CPU
		{691B4E35-ECB4-4BAF-B3C7-649AE7B2E0E7}.Release|Any CPU.Build.0 = Release|Any CPU
		{D746DF80-34AF-4419-8A24-5329A3132944}.Debug|Any CPU.ActiveCfg = Debug|Any CPU
		{D746DF80-34AF-4419-8A24-5329A3132944}.Debug|Any CPU.Build.0 = Debug|Any CPU
		{D746DF80-34AF-4419-8A24-5329A3132944}.Release|Any CPU.ActiveCfg = Release|Any CPU
		{D746DF80-34AF-4419-8A24-5329A3132944}.Release|Any CPU.Build.0 = Release|Any CPU
		{9A0701BF-7E47-4D31-B6BD-B60A66C37A9A}.Debug|Any CPU.ActiveCfg = Debug|Any CPU
		{9A0701BF-7E47-4D31-B6BD-B60A66C37A9A}.Debug|Any CPU.Build.0 = Debug|Any CPU
		{9A0701BF-7E47-4D31-B6BD-B60A66C37A9A}.Release|Any CPU.ActiveCfg = Release|Any CPU
		{9A0701BF-7E47-4D31-B6BD-B60A66C37A9A}.Release|Any CPU.Build.0 = Release|Any CPU
	EndGlobalSection
	GlobalSection(SolutionProperties) = preSolution
		HideSolutionNode = FALSE
	EndGlobalSection
EndGlobal
